
Microsoft Visual Studio Solution File, Format Version 12.00
# Visual Studio 15
VisualStudioVersion = 15.0.28307.645
MinimumVisualStudioVersion = 10.0.40219.1
Project("{FAE04EC0-301F-11D3-BF4B-00C04F79EFBC}") = "eGradeBook", "eGradeBook\eGradeBook.csproj", "{4810924B-3995-4F8E-B521-CFB9929AAC62}"
EndProject
Global
	GlobalSection(SolutionConfigurationPlatforms) = preSolution
		Debug|Any CPU = Debug|Any CPU
		Release|Any CPU = Release|Any CPU
	EndGlobalSection
	GlobalSection(ProjectConfigurationPlatforms) = postSolution
		{4810924B-3995-4F8E-B521-CFB9929AAC62}.Debug|Any CPU.ActiveCfg = Debug|Any CPU
		{4810924B-3995-4F8E-B521-CFB9929AAC62}.Debug|Any CPU.Build.0 = Debug|Any CPU
		{4810924B-3995-4F8E-B521-CFB9929AAC62}.Release|Any CPU.ActiveCfg = Release|Any CPU
		{4810924B-3995-4F8E-B521-CFB9929AAC62}.Release|Any CPU.Build.0 = Release|Any CPU
	EndGlobalSection
	GlobalSection(SolutionProperties) = preSolution
		HideSolutionNode = FALSE
	EndGlobalSection
	GlobalSection(ExtensibilityGlobals) = postSolution
		SolutionGuid = {A18F7944-C05D-4647-AFD1-3692051FA409}
	EndGlobalSection
EndGlobal
